// !$*UTF8*$!
{
	archiveVersion = 1;
	classes = {
	};
	objectVersion = 56;
	objects = {

/* Begin PBXBuildFile section */
		B10000000000000000000001 /* BeanDiaryApp.swift in Sources */ = {isa = PBXBuildFile; fileRef = B20000000000000000000001 /* BeanDiaryApp.swift */; };
		B10000000000000000000002 /* MainTabView.swift in Sources */ = {isa = PBXBuildFile; fileRef = B20000000000000000000002 /* MainTabView.swift */; };
		B10000000000000000000003 /* CoffeeBean.swift in Sources */ = {isa = PBXBuildFile; fileRef = B20000000000000000000003 /* CoffeeBean.swift */; };
		B10000000000000000000004 /* CoffeeLog.swift in Sources */ = {isa = PBXBuildFile; fileRef = B20000000000000000000004 /* CoffeeLog.swift */; };
		B10000000000000000000005 /* DiaryAttachment.swift in Sources */ = {isa = PBXBuildFile; fileRef = B20000000000000000000005 /* DiaryAttachment.swift */; };
		B10000000000000000000006 /* ParsedRecipe.swift in Sources */ = {isa = PBXBuildFile; fileRef = B20000000000000000000006 /* ParsedRecipe.swift */; };
		B10000000000000000000007 /* BrewStep.swift in Sources */ = {isa = PBXBuildFile; fileRef = B20000000000000000000007 /* BrewStep.swift */; };
		B10000000000000000000008 /* CafeSpot.swift in Sources */ = {isa = PBXBuildFile; fileRef = B20000000000000000000008 /* CafeSpot.swift */; };
		B10000000000000000000009 /* UserGrinderSettings.swift in Sources */ = {isa = PBXBuildFile; fileRef = B20000000000000000000009 /* UserGrinderSettings.swift */; };
		B10000000000000000000010 /* CafePreview.swift in Sources */ = {isa = PBXBuildFile; fileRef = B20000000000000000000010 /* CafePreview.swift */; };
		B10000000000000000000011 /* CoffeeStatsService.swift in Sources */ = {isa = PBXBuildFile; fileRef = B20000000000000000000011 /* CoffeeStatsService.swift */; };
		B10000000000000000000012 /* MediaStorageService.swift in Sources */ = {isa = PBXBuildFile; fileRef = B20000000000000000000012 /* MediaStorageService.swift */; };
		B10000000000000000000013 /* PreviewData.swift in Sources */ = {isa = PBXBuildFile; fileRef = B20000000000000000000013 /* PreviewData.swift */; };
		B10000000000000000000014 /* DateFormatting.swift in Sources */ = {isa = PBXBuildFile; fileRef = B20000000000000000000014 /* DateFormatting.swift */; };
		B10000000000000000000015 /* StatCard.swift in Sources */ = {isa = PBXBuildFile; fileRef = B20000000000000000000015 /* StatCard.swift */; };
		B10000000000000000000016 /* RatingView.swift in Sources */ = {isa = PBXBuildFile; fileRef = B20000000000000000000016 /* RatingView.swift */; };
		B10000000000000000000017 /* MediaPickerSection.swift in Sources */ = {isa = PBXBuildFile; fileRef = B20000000000000000000017 /* MediaPickerSection.swift */; };
		B10000000000000000000018 /* HomeView.swift in Sources */ = {isa = PBXBuildFile; fileRef = B20000000000000000000018 /* HomeView.swift */; };
		B10000000000000000000019 /* LogCoffeeView.swift in Sources */ = {isa = PBXBuildFile; fileRef = B20000000000000000000019 /* LogCoffeeView.swift */; };
		B10000000000000000000020 /* MediaGalleryView.swift in Sources */ = {isa = PBXBuildFile; fileRef = B20000000000000000000020 /* MediaGalleryView.swift */; };
		B10000000000000000000021 /* PhotoViewerView.swift in Sources */ = {isa = PBXBuildFile; fileRef = B20000000000000000000021 /* PhotoViewerView.swift */; };
		B10000000000000000000022 /* VideoPlayerView.swift in Sources */ = {isa = PBXBuildFile; fileRef = B20000000000000000000022 /* VideoPlayerView.swift */; };
		B10000000000000000000023 /* TimelineEntryRow.swift in Sources */ = {isa = PBXBuildFile; fileRef = B20000000000000000000023 /* TimelineEntryRow.swift */; };
		B10000000000000000000024 /* HistoryView.swift in Sources */ = {isa = PBXBuildFile; fileRef = B20000000000000000000024 /* HistoryView.swift */; };
		B10000000000000000000025 /* MoreView.swift in Sources */ = {isa = PBXBuildFile; fileRef = B20000000000000000000025 /* MoreView.swift */; };
		B10000000000000000000026 /* CafeMapView.swift in Sources */ = {isa = PBXBuildFile; fileRef = B20000000000000000000060 /* CafeMapView.swift */; };
		B10000000000000000000031 /* BeanAnalysis.swift in Sources */ = {isa = PBXBuildFile; fileRef = B20000000000000000000031 /* BeanAnalysis.swift */; };
		B10000000000000000000032 /* GeminiConfiguration.swift in Sources */ = {isa = PBXBuildFile; fileRef = B20000000000000000000032 /* GeminiConfiguration.swift */; };
		B10000000000000000000033 /* GeminiService.swift in Sources */ = {isa = PBXBuildFile; fileRef = B20000000000000000000033 /* GeminiService.swift */; };
		B10000000000000000000034 /* BeanDetailViewModel.swift in Sources */ = {isa = PBXBuildFile; fileRef = B20000000000000000000034 /* BeanDetailViewModel.swift */; };
		B10000000000000000000035 /* BeansListView.swift in Sources */ = {isa = PBXBuildFile; fileRef = B20000000000000000000035 /* BeansListView.swift */; };
		B10000000000000000000036 /* BeanDetailView.swift in Sources */ = {isa = PBXBuildFile; fileRef = B20000000000000000000036 /* BeanDetailView.swift */; };
		B10000000000000000000037 /* BeanAnalysisCard.swift in Sources */ = {isa = PBXBuildFile; fileRef = B20000000000000000000037 /* BeanAnalysisCard.swift */; };
		B10000000000000000000038 /* YouTubeConfiguration.swift in Sources */ = {isa = PBXBuildFile; fileRef = B20000000000000000000041 /* YouTubeConfiguration.swift */; };
		B10000000000000000000039 /* YouTubeService.swift in Sources */ = {isa = PBXBuildFile; fileRef = B20000000000000000000042 /* YouTubeService.swift */; };
		B10000000000000000000040 /* GrindConverterService.swift in Sources */ = {isa = PBXBuildFile; fileRef = B20000000000000000000043 /* GrindConverterService.swift */; };
		B10000000000000000000041 /* RecipeParserService.swift in Sources */ = {isa = PBXBuildFile; fileRef = B20000000000000000000044 /* RecipeParserService.swift */; };
		B10000000000000000000042 /* RecipeSearchViewModel.swift in Sources */ = {isa = PBXBuildFile; fileRef = B20000000000000000000045 /* RecipeSearchViewModel.swift */; };
		B10000000000000000000043 /* ParsedRecipeCard.swift in Sources */ = {isa = PBXBuildFile; fileRef = B20000000000000000000046 /* ParsedRecipeCard.swift */; };
		B10000000000000000000044 /* YouTubeVideoRow.swift in Sources */ = {isa = PBXBuildFile; fileRef = B20000000000000000000047 /* YouTubeVideoRow.swift */; };
		B10000000000000000000045 /* YouTubeEmbedPlayerView.swift in Sources */ = {isa = PBXBuildFile; fileRef = B20000000000000000000048 /* YouTubeEmbedPlayerView.swift */; };
		B10000000000000000000046 /* RecipeSearchView.swift in Sources */ = {isa = PBXBuildFile; fileRef = B20000000000000000000049 /* RecipeSearchView.swift */; };
		B10000000000000000000047 /* grind_conversion.json in Resources */ = {isa = PBXBuildFile; fileRef = B20000000000000000000050 /* grind_conversion.json */; };
		B10000000000000000000048 /* BrewGuideViewModel.swift in Sources */ = {isa = PBXBuildFile; fileRef = B20000000000000000000051 /* BrewGuideViewModel.swift */; };
		B10000000000000000000049 /* BrewGuideView.swift in Sources */ = {isa = PBXBuildFile; fileRef = B20000000000000000000052 /* BrewGuideView.swift */; };
		B10000000000000000000050 /* BrewStepTimelineView.swift in Sources */ = {isa = PBXBuildFile; fileRef = B20000000000000000000053 /* BrewStepTimelineView.swift */; };
		B10000000000000000000051 /* TastingNoteView.swift in Sources */ = {isa = PBXBuildFile; fileRef = B20000000000000000000054 /* TastingNoteView.swift */; };
		B10000000000000000000052 /* BrewRecipeSummaryBar.swift in Sources */ = {isa = PBXBuildFile; fileRef = B20000000000000000000055 /* BrewRecipeSummaryBar.swift */; };
		B10000000000000000000053 /* CafeVisitStatus.swift in Sources */ = {isa = PBXBuildFile; fileRef = B20000000000000000000056 /* CafeVisitStatus.swift */; };
		B10000000000000000000054 /* CafeMapService.swift in Sources */ = {isa = PBXBuildFile; fileRef = B20000000000000000000057 /* CafeMapService.swift */; };
		B10000000000000000000055 /* CafePreviewService.swift in Sources */ = {isa = PBXBuildFile; fileRef = B20000000000000000000058 /* CafePreviewService.swift */; };
		B10000000000000000000056 /* CafeMapViewModel.swift in Sources */ = {isa = PBXBuildFile; fileRef = B20000000000000000000059 /* CafeMapViewModel.swift */; };
		B10000000000000000000057 /* CafeDetailSheet.swift in Sources */ = {isa = PBXBuildFile; fileRef = B20000000000000000000061 /* CafeDetailSheet.swift */; };
		B10000000000000000000058 /* CafeListView.swift in Sources */ = {isa = PBXBuildFile; fileRef = B20000000000000000000062 /* CafeListView.swift */; };
		B10000000000000000000059 /* CafeFilterChips.swift in Sources */ = {isa = PBXBuildFile; fileRef = B20000000000000000000063 /* CafeFilterChips.swift */; };
		B10000000000000000000060 /* CafePinView.swift in Sources */ = {isa = PBXBuildFile; fileRef = B20000000000000000000064 /* CafePinView.swift */; };
		B10000000000000000000061 /* CafePreviewCard.swift in Sources */ = {isa = PBXBuildFile; fileRef = B20000000000000000000065 /* CafePreviewCard.swift */; };
		B10000000000000000000062 /* AddCafeSearchSheet.swift in Sources */ = {isa = PBXBuildFile; fileRef = B20000000000000000000066 /* AddCafeSearchSheet.swift */; };
		B10000000000000000000029 /* BrewMethod.swift in Sources */ = {isa = PBXBuildFile; fileRef = B20000000000000000000030 /* BrewMethod.swift */; };
		B10000000000000000000028 /* Assets.xcassets in Resources */ = {isa = PBXBuildFile; fileRef = B20000000000000000000028 /* Assets.xcassets */; };
		B10000000000000000000063 /* BrewActivityAttributes.swift in Sources */ = {isa = PBXBuildFile; fileRef = B20000000000000000000067 /* BrewActivityAttributes.swift */; };
		B10000000000000000000064 /* BrewLiveActivityService.swift in Sources */ = {isa = PBXBuildFile; fileRef = B20000000000000000000068 /* BrewLiveActivityService.swift */; };
		B10000000000000000000071 /* BrewActivityAttributes.swift in Sources */ = {isa = PBXBuildFile; fileRef = B20000000000000000000067 /* BrewActivityAttributes.swift */; };
		B10000000000000000000072 /* BeanDiaryWidgetsBundle.swift in Sources */ = {isa = PBXBuildFile; fileRef = B20000000000000000000069 /* BeanDiaryWidgetsBundle.swift */; };
		B10000000000000000000073 /* BrewLiveActivityWidget.swift in Sources */ = {isa = PBXBuildFile; fileRef = B20000000000000000000070 /* BrewLiveActivityWidget.swift */; };
		B10000000000000000000074 /* BeanDiaryWidgets.appex in Embed Foundation Extensions */ = {isa = PBXBuildFile; fileRef = B30000000000000000000002 /* BeanDiaryWidgets.appex */; settings = {ATTRIBUTES = (RemoveHeadersOnCopy, ); }; };
/* End PBXBuildFile section */

/* Begin PBXFileReference section */
		B20000000000000000000001 /* BeanDiaryApp.swift */ = {isa = PBXFileReference; lastKnownFileType = sourcecode.swift; path = BeanDiaryApp.swift; sourceTree = "<group>"; };
		B20000000000000000000002 /* MainTabView.swift */ = {isa = PBXFileReference; lastKnownFileType = sourcecode.swift; path = MainTabView.swift; sourceTree = "<group>"; };
		B20000000000000000000003 /* CoffeeBean.swift */ = {isa = PBXFileReference; lastKnownFileType = sourcecode.swift; path = CoffeeBean.swift; sourceTree = "<group>"; };
		B20000000000000000000004 /* CoffeeLog.swift */ = {isa = PBXFileReference; lastKnownFileType = sourcecode.swift; path = CoffeeLog.swift; sourceTree = "<group>"; };
		B20000000000000000000005 /* DiaryAttachment.swift */ = {isa = PBXFileReference; lastKnownFileType = sourcecode.swift; path = DiaryAttachment.swift; sourceTree = "<group>"; };
		B20000000000000000000006 /* ParsedRecipe.swift */ = {isa = PBXFileReference; lastKnownFileType = sourcecode.swift; path = ParsedRecipe.swift; sourceTree = "<group>"; };
		B20000000000000000000007 /* BrewStep.swift */ = {isa = PBXFileReference; lastKnownFileType = sourcecode.swift; path = BrewStep.swift; sourceTree = "<group>"; };
		B20000000000000000000008 /* CafeSpot.swift */ = {isa = PBXFileReference; lastKnownFileType = sourcecode.swift; path = CafeSpot.swift; sourceTree = "<group>"; };
		B20000000000000000000009 /* UserGrinderSettings.swift */ = {isa = PBXFileReference; lastKnownFileType = sourcecode.swift; path = UserGrinderSettings.swift; sourceTree = "<group>"; };
		B20000000000000000000010 /* CafePreview.swift */ = {isa = PBXFileReference; lastKnownFileType = sourcecode.swift; path = CafePreview.swift; sourceTree = "<group>"; };
		B20000000000000000000011 /* CoffeeStatsService.swift */ = {isa = PBXFileReference; lastKnownFileType = sourcecode.swift; path = CoffeeStatsService.swift; sourceTree = "<group>"; };
		B20000000000000000000012 /* MediaStorageService.swift */ = {isa = PBXFileReference; lastKnownFileType = sourcecode.swift; path = MediaStorageService.swift; sourceTree = "<group>"; };
		B20000000000000000000013 /* PreviewData.swift */ = {isa = PBXFileReference; lastKnownFileType = sourcecode.swift; path = PreviewData.swift; sourceTree = "<group>"; };
		B20000000000000000000014 /* DateFormatting.swift */ = {isa = PBXFileReference; lastKnownFileType = sourcecode.swift; path = DateFormatting.swift; sourceTree = "<group>"; };
		B20000000000000000000015 /* StatCard.swift */ = {isa = PBXFileReference; lastKnownFileType = sourcecode.swift; path = StatCard.swift; sourceTree = "<group>"; };
		B20000000000000000000016 /* RatingView.swift */ = {isa = PBXFileReference; lastKnownFileType = sourcecode.swift; path = RatingView.swift; sourceTree = "<group>"; };
		B20000000000000000000017 /* MediaPickerSection.swift */ = {isa = PBXFileReference; lastKnownFileType = sourcecode.swift; path = MediaPickerSection.swift; sourceTree = "<group>"; };
		B20000000000000000000018 /* HomeView.swift */ = {isa = PBXFileReference; lastKnownFileType = sourcecode.swift; path = HomeView.swift; sourceTree = "<group>"; };
		B20000000000000000000019 /* LogCoffeeView.swift */ = {isa = PBXFileReference; lastKnownFileType = sourcecode.swift; path = LogCoffeeView.swift; sourceTree = "<group>"; };
		B20000000000000000000020 /* MediaGalleryView.swift */ = {isa = PBXFileReference; lastKnownFileType = sourcecode.swift; path = MediaGalleryView.swift; sourceTree = "<group>"; };
		B20000000000000000000021 /* PhotoViewerView.swift */ = {isa = PBXFileReference; lastKnownFileType = sourcecode.swift; path = PhotoViewerView.swift; sourceTree = "<group>"; };
		B20000000000000000000022 /* VideoPlayerView.swift */ = {isa = PBXFileReference; lastKnownFileType = sourcecode.swift; path = VideoPlayerView.swift; sourceTree = "<group>"; };
		B20000000000000000000023 /* TimelineEntryRow.swift */ = {isa = PBXFileReference; lastKnownFileType = sourcecode.swift; path = TimelineEntryRow.swift; sourceTree = "<group>"; };
		B20000000000000000000024 /* HistoryView.swift */ = {isa = PBXFileReference; lastKnownFileType = sourcecode.swift; path = HistoryView.swift; sourceTree = "<group>"; };
		B20000000000000000000025 /* MoreView.swift */ = {isa = PBXFileReference; lastKnownFileType = sourcecode.swift; path = MoreView.swift; sourceTree = "<group>"; };
		B20000000000000000000031 /* BeanAnalysis.swift */ = {isa = PBXFileReference; lastKnownFileType = sourcecode.swift; path = BeanAnalysis.swift; sourceTree = "<group>"; };
		B20000000000000000000056 /* CafeVisitStatus.swift */ = {isa = PBXFileReference; lastKnownFileType = sourcecode.swift; path = CafeVisitStatus.swift; sourceTree = "<group>"; };
		B20000000000000000000057 /* CafeMapService.swift */ = {isa = PBXFileReference; lastKnownFileType = sourcecode.swift; path = CafeMapService.swift; sourceTree = "<group>"; };
		B20000000000000000000058 /* CafePreviewService.swift */ = {isa = PBXFileReference; lastKnownFileType = sourcecode.swift; path = CafePreviewService.swift; sourceTree = "<group>"; };
		B20000000000000000000059 /* CafeMapViewModel.swift */ = {isa = PBXFileReference; lastKnownFileType = sourcecode.swift; path = CafeMapViewModel.swift; sourceTree = "<group>"; };
		B20000000000000000000060 /* CafeMapView.swift */ = {isa = PBXFileReference; lastKnownFileType = sourcecode.swift; path = CafeMapView.swift; sourceTree = "<group>"; };
		B20000000000000000000061 /* CafeDetailSheet.swift */ = {isa = PBXFileReference; lastKnownFileType = sourcecode.swift; path = CafeDetailSheet.swift; sourceTree = "<group>"; };
		B20000000000000000000062 /* CafeListView.swift */ = {isa = PBXFileReference; lastKnownFileType = sourcecode.swift; path = CafeListView.swift; sourceTree = "<group>"; };
		B20000000000000000000063 /* CafeFilterChips.swift */ = {isa = PBXFileReference; lastKnownFileType = sourcecode.swift; path = CafeFilterChips.swift; sourceTree = "<group>"; };
		B20000000000000000000064 /* CafePinView.swift */ = {isa = PBXFileReference; lastKnownFileType = sourcecode.swift; path = CafePinView.swift; sourceTree = "<group>"; };
		B20000000000000000000065 /* CafePreviewCard.swift */ = {isa = PBXFileReference; lastKnownFileType = sourcecode.swift; path = CafePreviewCard.swift; sourceTree = "<group>"; };
		B20000000000000000000066 /* AddCafeSearchSheet.swift */ = {isa = PBXFileReference; lastKnownFileType = sourcecode.swift; path = AddCafeSearchSheet.swift; sourceTree = "<group>"; };
		B20000000000000000000067 /* BrewActivityAttributes.swift */ = {isa = PBXFileReference; lastKnownFileType = sourcecode.swift; path = BrewActivityAttributes.swift; sourceTree = "<group>"; };
		B20000000000000000000068 /* BrewLiveActivityService.swift */ = {isa = PBXFileReference; lastKnownFileType = sourcecode.swift; path = BrewLiveActivityService.swift; sourceTree = "<group>"; };
		B20000000000000000000069 /* BeanDiaryWidgetsBundle.swift */ = {isa = PBXFileReference; lastKnownFileType = sourcecode.swift; path = BeanDiaryWidgetsBundle.swift; sourceTree = "<group>"; };
		B20000000000000000000070 /* BrewLiveActivityWidget.swift */ = {isa = PBXFileReference; lastKnownFileType = sourcecode.swift; path = BrewLiveActivityWidget.swift; sourceTree = "<group>"; };
		B20000000000000000000032 /* GeminiConfiguration.swift */ = {isa = PBXFileReference; lastKnownFileType = sourcecode.swift; path = GeminiConfiguration.swift; sourceTree = "<group>"; };
		B20000000000000000000033 /* GeminiService.swift */ = {isa = PBXFileReference; lastKnownFileType = sourcecode.swift; path = GeminiService.swift; sourceTree = "<group>"; };
		B20000000000000000000034 /* BeanDetailViewModel.swift */ = {isa = PBXFileReference; lastKnownFileType = sourcecode.swift; path = BeanDetailViewModel.swift; sourceTree = "<group>"; };
		B20000000000000000000035 /* BeansListView.swift */ = {isa = PBXFileReference; lastKnownFileType = sourcecode.swift; path = BeansListView.swift; sourceTree = "<group>"; };
		B20000000000000000000036 /* BeanDetailView.swift */ = {isa = PBXFileReference; lastKnownFileType = sourcecode.swift; path = BeanDetailView.swift; sourceTree = "<group>"; };
		B20000000000000000000037 /* BeanAnalysisCard.swift */ = {isa = PBXFileReference; lastKnownFileType = sourcecode.swift; path = BeanAnalysisCard.swift; sourceTree = "<group>"; };
		B20000000000000000000041 /* YouTubeConfiguration.swift */ = {isa = PBXFileReference; lastKnownFileType = sourcecode.swift; path = YouTubeConfiguration.swift; sourceTree = "<group>"; };
		B20000000000000000000042 /* YouTubeService.swift */ = {isa = PBXFileReference; lastKnownFileType = sourcecode.swift; path = YouTubeService.swift; sourceTree = "<group>"; };
		B20000000000000000000043 /* GrindConverterService.swift */ = {isa = PBXFileReference; lastKnownFileType = sourcecode.swift; path = GrindConverterService.swift; sourceTree = "<group>"; };
		B20000000000000000000044 /* RecipeParserService.swift */ = {isa = PBXFileReference; lastKnownFileType = sourcecode.swift; path = RecipeParserService.swift; sourceTree = "<group>"; };
		B20000000000000000000045 /* RecipeSearchViewModel.swift */ = {isa = PBXFileReference; lastKnownFileType = sourcecode.swift; path = RecipeSearchViewModel.swift; sourceTree = "<group>"; };
		B20000000000000000000046 /* ParsedRecipeCard.swift */ = {isa = PBXFileReference; lastKnownFileType = sourcecode.swift; path = ParsedRecipeCard.swift; sourceTree = "<group>"; };
		B20000000000000000000047 /* YouTubeVideoRow.swift */ = {isa = PBXFileReference; lastKnownFileType = sourcecode.swift; path = YouTubeVideoRow.swift; sourceTree = "<group>"; };
		B20000000000000000000048 /* YouTubeEmbedPlayerView.swift */ = {isa = PBXFileReference; lastKnownFileType = sourcecode.swift; path = YouTubeEmbedPlayerView.swift; sourceTree = "<group>"; };
		B20000000000000000000049 /* RecipeSearchView.swift */ = {isa = PBXFileReference; lastKnownFileType = sourcecode.swift; path = RecipeSearchView.swift; sourceTree = "<group>"; };
		B20000000000000000000050 /* grind_conversion.json */ = {isa = PBXFileReference; lastKnownFileType = text.json; path = grind_conversion.json; sourceTree = "<group>"; };
		B20000000000000000000051 /* BrewGuideViewModel.swift */ = {isa = PBXFileReference; lastKnownFileType = sourcecode.swift; path = BrewGuideViewModel.swift; sourceTree = "<group>"; };
		B20000000000000000000052 /* BrewGuideView.swift */ = {isa = PBXFileReference; lastKnownFileType = sourcecode.swift; path = BrewGuideView.swift; sourceTree = "<group>"; };
		B20000000000000000000053 /* BrewStepTimelineView.swift */ = {isa = PBXFileReference; lastKnownFileType = sourcecode.swift; path = BrewStepTimelineView.swift; sourceTree = "<group>"; };
		B20000000000000000000054 /* TastingNoteView.swift */ = {isa = PBXFileReference; lastKnownFileType = sourcecode.swift; path = TastingNoteView.swift; sourceTree = "<group>"; };
		B20000000000000000000055 /* BrewRecipeSummaryBar.swift */ = {isa = PBXFileReference; lastKnownFileType = sourcecode.swift; path = BrewRecipeSummaryBar.swift; sourceTree = "<group>"; };
		B20000000000000000000030 /* BrewMethod.swift */ = {isa = PBXFileReference; lastKnownFileType = sourcecode.swift; path = BrewMethod.swift; sourceTree = "<group>"; };
		B20000000000000000000028 /* Assets.xcassets */ = {isa = PBXFileReference; lastKnownFileType = folder.assetcatalog; path = Assets.xcassets; sourceTree = "<group>"; };
		B30000000000000000000001 /* BeanDiary.app */ = {isa = PBXFileReference; explicitFileType = wrapper.application; includeInIndex = 0; path = BeanDiary.app; sourceTree = BUILT_PRODUCTS_DIR; };
		B30000000000000000000002 /* BeanDiaryWidgets.appex */ = {isa = PBXFileReference; explicitFileType = "wrapper.app-extension"; includeInIndex = 0; path = BeanDiaryWidgets.appex; sourceTree = BUILT_PRODUCTS_DIR; };
/* End PBXFileReference section */

/* Begin PBXFrameworksBuildPhase section */
		B40000000000000000000001 /* Frameworks */ = {
			isa = PBXFrameworksBuildPhase;
			buildActionMask = 2147483647;
			files = (
			);
			runOnlyForDeploymentPostprocessing = 0;
		};
		B40000000000000000000002 /* Frameworks */ = {
			isa = PBXFrameworksBuildPhase;
			buildActionMask = 2147483647;
			files = (
			);
			runOnlyForDeploymentPostprocessing = 0;
		};
/* End PBXFrameworksBuildPhase section */

/* Begin PBXContainerItemProxy section */
		B65000000000000000000001 /* PBXContainerItemProxy */ = {
			isa = PBXContainerItemProxy;
			containerPortal = B90000000000000000000001 /* Project object */;
			proxyType = 1;
			remoteGlobalIDString = B60000000000000000000002;
			remoteInfo = BeanDiaryWidgets;
		};
/* End PBXContainerItemProxy section */

/* Begin PBXGroup section */
		B50000000000000000000001 = {
			isa = PBXGroup;
			children = (
				B50000000000000000000002 /* BeanDiary */,
				B50000000000000000000019 /* BeanDiaryWidgets */,
				B50000000000000000000003 /* Products */,
			);
			sourceTree = "<group>";
		};
		B50000000000000000000002 /* BeanDiary */ = {
			isa = PBXGroup;
			children = (
				B20000000000000000000001 /* BeanDiaryApp.swift */,
				B20000000000000000000002 /* MainTabView.swift */,
				B50000000000000000000004 /* Models */,
				B50000000000000000000005 /* Services */,
				B50000000000000000000015 /* ViewModels */,
				B50000000000000000000016 /* Resources */,
				B50000000000000000000006 /* Utilities */,
				B50000000000000000000007 /* Views */,
				B20000000000000000000028 /* Assets.xcassets */,
			);
			path = BeanDiary;
			sourceTree = "<group>";
		};
		B50000000000000000000003 /* Products */ = {
			isa = PBXGroup;
			children = (
				B30000000000000000000001 /* BeanDiary.app */,
				B30000000000000000000002 /* BeanDiaryWidgets.appex */,
			);
			name = Products;
			sourceTree = "<group>";
		};
		B50000000000000000000004 /* Models */ = {
			isa = PBXGroup;
			children = (
				B20000000000000000000003 /* CoffeeBean.swift */,
				B20000000000000000000030 /* BrewMethod.swift */,
				B20000000000000000000004 /* CoffeeLog.swift */,
				B20000000000000000000005 /* DiaryAttachment.swift */,
				B20000000000000000000006 /* ParsedRecipe.swift */,
				B20000000000000000000007 /* BrewStep.swift */,
				B20000000000000000000008 /* CafeSpot.swift */,
				B20000000000000000000009 /* UserGrinderSettings.swift */,
				B20000000000000000000010 /* CafePreview.swift */,
				B20000000000000000000031 /* BeanAnalysis.swift */,
				B20000000000000000000056 /* CafeVisitStatus.swift */,
				B20000000000000000000067 /* BrewActivityAttributes.swift */,
			);
			path = Models;
			sourceTree = "<group>";
		};
		B50000000000000000000005 /* Services */ = {
			isa = PBXGroup;
			children = (
				B20000000000000000000011 /* CoffeeStatsService.swift */,
				B20000000000000000000012 /* MediaStorageService.swift */,
				B20000000000000000000032 /* GeminiConfiguration.swift */,
				B20000000000000000000033 /* GeminiService.swift */,
				B20000000000000000000041 /* YouTubeConfiguration.swift */,
				B20000000000000000000042 /* YouTubeService.swift */,
				B20000000000000000000043 /* GrindConverterService.swift */,
				B20000000000000000000044 /* RecipeParserService.swift */,
				B20000000000000000000057 /* CafeMapService.swift */,
				B20000000000000000000058 /* CafePreviewService.swift */,
				B20000000000000000000068 /* BrewLiveActivityService.swift */,
			);
			path = Services;
			sourceTree = "<group>";
		};
		B50000000000000000000015 /* ViewModels */ = {
			isa = PBXGroup;
			children = (
				B20000000000000000000034 /* BeanDetailViewModel.swift */,
				B20000000000000000000045 /* RecipeSearchViewModel.swift */,
				B20000000000000000000051 /* BrewGuideViewModel.swift */,
				B20000000000000000000059 /* CafeMapViewModel.swift */,
			);
			path = ViewModels;
			sourceTree = "<group>";
		};
		B50000000000000000000016 /* Resources */ = {
			isa = PBXGroup;
			children = (
				B20000000000000000000050 /* grind_conversion.json */,
			);
			path = Resources;
			sourceTree = "<group>";
		};
		B50000000000000000000006 /* Utilities */ = {
			isa = PBXGroup;
			children = (
				B20000000000000000000013 /* PreviewData.swift */,
				B20000000000000000000014 /* DateFormatting.swift */,
			);
			path = Utilities;
			sourceTree = "<group>";
		};
		B50000000000000000000007 /* Views */ = {
			isa = PBXGroup;
			children = (
				B50000000000000000000008 /* Home */,
				B50000000000000000000009 /* Log */,
				B50000000000000000000010 /* History */,
				B50000000000000000000011 /* More */,
				B50000000000000000000012 /* Map */,
				B50000000000000000000013 /* Bean */,
				B50000000000000000000014 /* Components */,
				B50000000000000000000017 /* Recipe */,
				B50000000000000000000018 /* Brew */,
			);
			path = Views;
			sourceTree = "<group>";
		};
		B50000000000000000000008 /* Home */ = {
			isa = PBXGroup;
			children = (
				B20000000000000000000018 /* HomeView.swift */,
			);
			path = Home;
			sourceTree = "<group>";
		};
		B50000000000000000000009 /* Log */ = {
			isa = PBXGroup;
			children = (
				B20000000000000000000019 /* LogCoffeeView.swift */,
			);
			path = Log;
			sourceTree = "<group>";
		};
		B50000000000000000000010 /* History */ = {
			isa = PBXGroup;
			children = (
				B20000000000000000000024 /* HistoryView.swift */,
				B20000000000000000000023 /* TimelineEntryRow.swift */,
				B20000000000000000000020 /* MediaGalleryView.swift */,
				B20000000000000000000021 /* PhotoViewerView.swift */,
				B20000000000000000000022 /* VideoPlayerView.swift */,
			);
			path = History;
			sourceTree = "<group>";
		};
		B50000000000000000000011 /* More */ = {
			isa = PBXGroup;
			children = (
				B20000000000000000000025 /* MoreView.swift */,
			);
			path = More;
			sourceTree = "<group>";
		};
		B50000000000000000000012 /* Map */ = {
			isa = PBXGroup;
			children = (
				B20000000000000000000060 /* CafeMapView.swift */,
				B20000000000000000000061 /* CafeDetailSheet.swift */,
				B20000000000000000000062 /* CafeListView.swift */,
				B20000000000000000000063 /* CafeFilterChips.swift */,
				B20000000000000000000064 /* CafePinView.swift */,
				B20000000000000000000065 /* CafePreviewCard.swift */,
				B20000000000000000000066 /* AddCafeSearchSheet.swift */,
			);
			path = Map;
			sourceTree = "<group>";
		};
		B50000000000000000000013 /* Bean */ = {
			isa = PBXGroup;
			children = (
				B20000000000000000000035 /* BeansListView.swift */,
				B20000000000000000000036 /* BeanDetailView.swift */,
				B20000000000000000000037 /* BeanAnalysisCard.swift */,
			);
			path = Bean;
			sourceTree = "<group>";
		};
		B50000000000000000000014 /* Components */ = {
			isa = PBXGroup;
			children = (
				B20000000000000000000015 /* StatCard.swift */,
				B20000000000000000000016 /* RatingView.swift */,
				B20000000000000000000017 /* MediaPickerSection.swift */,
			);
			path = Components;
			sourceTree = "<group>";
		};
		B50000000000000000000017 /* Recipe */ = {
			isa = PBXGroup;
			children = (
				B20000000000000000000049 /* RecipeSearchView.swift */,
				B20000000000000000000046 /* ParsedRecipeCard.swift */,
				B20000000000000000000047 /* YouTubeVideoRow.swift */,
				B20000000000000000000048 /* YouTubeEmbedPlayerView.swift */,
			);
			path = Recipe;
			sourceTree = "<group>";
		};
		B50000000000000000000018 /* Brew */ = {
			isa = PBXGroup;
			children = (
				B20000000000000000000052 /* BrewGuideView.swift */,
				B20000000000000000000053 /* BrewStepTimelineView.swift */,
				B20000000000000000000054 /* TastingNoteView.swift */,
				B20000000000000000000055 /* BrewRecipeSummaryBar.swift */,
			);
			path = Brew;
			sourceTree = "<group>";
		};
		B50000000000000000000019 /* BeanDiaryWidgets */ = {
			isa = PBXGroup;
			children = (
				B20000000000000000000069 /* BeanDiaryWidgetsBundle.swift */,
				B20000000000000000000070 /* BrewLiveActivityWidget.swift */,
			);
			path = BeanDiaryWidgets;
			sourceTree = "<group>";
		};
/* End PBXGroup section */

/* Begin PBXTargetDependency section */
		B65000000000000000000002 /* PBXTargetDependency */ = {
			isa = PBXTargetDependency;
			target = B60000000000000000000002 /* BeanDiaryWidgets */;
			targetProxy = B65000000000000000000001 /* PBXContainerItemProxy */;
		};
/* End PBXTargetDependency section */

/* Begin PBXNativeTarget section */
		B60000000000000000000001 /* BeanDiary */ = {
			isa = PBXNativeTarget;
			buildConfigurationList = B80000000000000000000002 /* Build configuration list for PBXNativeTarget "BeanDiary" */;
			buildPhases = (
				B70000000000000000000001 /* Sources */,
				B40000000000000000000001 /* Frameworks */,
				B70000000000000000000002 /* Resources */,
				B70000000000000000000004 /* Embed Foundation Extensions */,
			);
			buildRules = (
			);
			dependencies = (
				B65000000000000000000002 /* PBXTargetDependency */,
			);
			name = BeanDiary;
			productName = BeanDiary;
			productReference = B30000000000000000000001 /* BeanDiary.app */;
			productType = "com.apple.product-type.application";
		};
		B60000000000000000000002 /* BeanDiaryWidgets */ = {
			isa = PBXNativeTarget;
			buildConfigurationList = B80000000000000000000003 /* Build configuration list for PBXNativeTarget "BeanDiaryWidgets" */;
			buildPhases = (
				B70000000000000000000003 /* Sources */,
				B40000000000000000000002 /* Frameworks */,
			);
			buildRules = (
			);
			dependencies = (
			);
			name = BeanDiaryWidgets;
			productName = BeanDiaryWidgets;
			productReference = B30000000000000000000002 /* BeanDiaryWidgets.appex */;
			productType = "com.apple.product-type.app-extension";
		};
/* End PBXNativeTarget section */

/* Begin PBXProject section */
		B90000000000000000000001 /* Project object */ = {
			isa = PBXProject;
			attributes = {
				BuildIndependentTargetsInParallel = 1;
				LastSwiftUpdateCheck = 1600;
				LastUpgradeCheck = 1600;
				TargetAttributes = {
					B60000000000000000000001 = {
						CreatedOnToolsVersion = 16.0;
					};
					B60000000000000000000002 = {
						CreatedOnToolsVersion = 16.0;
					};
				};
			};
			buildConfigurationList = B80000000000000000000001 /* Build configuration list for PBXProject "BeanDiary" */;
			compatibilityVersion = "Xcode 14.0";
			developmentRegion = ko;
			hasScannedForEncodings = 0;
			knownRegions = (
				en,
				ko,
				Base,
			);
			mainGroup = B50000000000000000000001;
			productRefGroup = B50000000000000000000003 /* Products */;
			projectDirPath = "";
			projectRoot = "";
			targets = (
				B60000000000000000000001 /* BeanDiary */,
				B60000000000000000000002 /* BeanDiaryWidgets */,
			);
		};
/* End PBXProject section */

/* Begin PBXResourcesBuildPhase section */
		B70000000000000000000002 /* Resources */ = {
			isa = PBXResourcesBuildPhase;
			buildActionMask = 2147483647;
			files = (
				B10000000000000000000028 /* Assets.xcassets in Resources */,
				B10000000000000000000047 /* grind_conversion.json in Resources */,
			);
			runOnlyForDeploymentPostprocessing = 0;
		};
/* End PBXResourcesBuildPhase section */

/* Begin PBXCopyFilesBuildPhase section */
		B70000000000000000000004 /* Embed Foundation Extensions */ = {
			isa = PBXCopyFilesBuildPhase;
			buildActionMask = 2147483647;
			dstPath = "";
			dstSubfolderSpec = 13;
			files = (
				B10000000000000000000074 /* BeanDiaryWidgets.appex in Embed Foundation Extensions */,
			);
			name = "Embed Foundation Extensions";
			runOnlyForDeploymentPostprocessing = 0;
		};
/* End PBXCopyFilesBuildPhase section */

/* Begin PBXSourcesBuildPhase section */
		B70000000000000000000003 /* Sources */ = {
			isa = PBXSourcesBuildPhase;
			buildActionMask = 2147483647;
			files = (
				B10000000000000000000071 /* BrewActivityAttributes.swift in Sources */,
				B10000000000000000000072 /* BeanDiaryWidgetsBundle.swift in Sources */,
				B10000000000000000000073 /* BrewLiveActivityWidget.swift in Sources */,
			);
			runOnlyForDeploymentPostprocessing = 0;
		};
		B70000000000000000000001 /* Sources */ = {
			isa = PBXSourcesBuildPhase;
			buildActionMask = 2147483647;
			files = (
				B10000000000000000000001 /* BeanDiaryApp.swift in Sources */,
				B10000000000000000000002 /* MainTabView.swift in Sources */,
				B10000000000000000000003 /* CoffeeBean.swift in Sources */,
				B10000000000000000000004 /* CoffeeLog.swift in Sources */,
				B10000000000000000000005 /* DiaryAttachment.swift in Sources */,
				B10000000000000000000006 /* ParsedRecipe.swift in Sources */,
				B10000000000000000000007 /* BrewStep.swift in Sources */,
				B10000000000000000000008 /* CafeSpot.swift in Sources */,
				B10000000000000000000009 /* UserGrinderSettings.swift in Sources */,
				B10000000000000000000010 /* CafePreview.swift in Sources */,
				B10000000000000000000011 /* CoffeeStatsService.swift in Sources */,
				B10000000000000000000012 /* MediaStorageService.swift in Sources */,
				B10000000000000000000013 /* PreviewData.swift in Sources */,
				B10000000000000000000014 /* DateFormatting.swift in Sources */,
				B10000000000000000000015 /* StatCard.swift in Sources */,
				B10000000000000000000016 /* RatingView.swift in Sources */,
				B10000000000000000000017 /* MediaPickerSection.swift in Sources */,
				B10000000000000000000018 /* HomeView.swift in Sources */,
				B10000000000000000000019 /* LogCoffeeView.swift in Sources */,
				B10000000000000000000020 /* MediaGalleryView.swift in Sources */,
				B10000000000000000000021 /* PhotoViewerView.swift in Sources */,
				B10000000000000000000022 /* VideoPlayerView.swift in Sources */,
				B10000000000000000000023 /* TimelineEntryRow.swift in Sources */,
				B10000000000000000000024 /* HistoryView.swift in Sources */,
				B10000000000000000000025 /* MoreView.swift in Sources */,
				B10000000000000000000026 /* CafeMapView.swift in Sources */,
				B10000000000000000000053 /* CafeVisitStatus.swift in Sources */,
				B10000000000000000000054 /* CafeMapService.swift in Sources */,
				B10000000000000000000055 /* CafePreviewService.swift in Sources */,
				B10000000000000000000056 /* CafeMapViewModel.swift in Sources */,
				B10000000000000000000057 /* CafeDetailSheet.swift in Sources */,
				B10000000000000000000058 /* CafeListView.swift in Sources */,
				B10000000000000000000059 /* CafeFilterChips.swift in Sources */,
				B10000000000000000000060 /* CafePinView.swift in Sources */,
				B10000000000000000000061 /* CafePreviewCard.swift in Sources */,
				B10000000000000000000062 /* AddCafeSearchSheet.swift in Sources */,
				B10000000000000000000031 /* BeanAnalysis.swift in Sources */,
				B10000000000000000000032 /* GeminiConfiguration.swift in Sources */,
				B10000000000000000000033 /* GeminiService.swift in Sources */,
				B10000000000000000000034 /* BeanDetailViewModel.swift in Sources */,
				B10000000000000000000035 /* BeansListView.swift in Sources */,
				B10000000000000000000036 /* BeanDetailView.swift in Sources */,
				B10000000000000000000037 /* BeanAnalysisCard.swift in Sources */,
				B10000000000000000000038 /* YouTubeConfiguration.swift in Sources */,
				B10000000000000000000039 /* YouTubeService.swift in Sources */,
				B10000000000000000000040 /* GrindConverterService.swift in Sources */,
				B10000000000000000000041 /* RecipeParserService.swift in Sources */,
				B10000000000000000000042 /* RecipeSearchViewModel.swift in Sources */,
				B10000000000000000000043 /* ParsedRecipeCard.swift in Sources */,
				B10000000000000000000044 /* YouTubeVideoRow.swift in Sources */,
				B10000000000000000000045 /* YouTubeEmbedPlayerView.swift in Sources */,
				B10000000000000000000046 /* RecipeSearchView.swift in Sources */,
				B10000000000000000000048 /* BrewGuideViewModel.swift in Sources */,
				B10000000000000000000049 /* BrewGuideView.swift in Sources */,
				B10000000000000000000050 /* BrewStepTimelineView.swift in Sources */,
				B10000000000000000000051 /* TastingNoteView.swift in Sources */,
				B10000000000000000000052 /* BrewRecipeSummaryBar.swift in Sources */,
				B10000000000000000000063 /* BrewActivityAttributes.swift in Sources */,
				B10000000000000000000064 /* BrewLiveActivityService.swift in Sources */,
				B10000000000000000000029 /* BrewMethod.swift in Sources */,
			);
			runOnlyForDeploymentPostprocessing = 0;
		};
/* End PBXSourcesBuildPhase section */

/* Begin XCBuildConfiguration section */
		BA0000000000000000000001 /* Debug */ = {
			isa = XCBuildConfiguration;
			buildSettings = {
				ALWAYS_SEARCH_USER_PATHS = NO;
				CLANG_ENABLE_MODULES = YES;
				CLANG_ENABLE_OBJC_ARC = YES;
				COPY_PHASE_STRIP = NO;
				DEBUG_INFORMATION_FORMAT = dwarf;
				ENABLE_STRICT_OBJC_MSGSEND = YES;
				ENABLE_TESTABILITY = YES;
				GCC_DYNAMIC_NO_PIC = NO;
				GCC_OPTIMIZATION_LEVEL = 0;
				GCC_PREPROCESSOR_DEFINITIONS = (
					"DEBUG=1",
					"$(inherited)",
				);
				IPHONEOS_DEPLOYMENT_TARGET = 17.0;
				MTL_ENABLE_DEBUG_INFO = INCLUDE_SOURCE;
				ONLY_ACTIVE_ARCH = YES;
				SDKROOT = iphoneos;
				SWIFT_ACTIVE_COMPILATION_CONDITIONS = "DEBUG $(inherited)";
				SWIFT_OPTIMIZATION_LEVEL = "-Onone";
			};
			name = Debug;
		};
		BA0000000000000000000002 /* Release */ = {
			isa = XCBuildConfiguration;
			buildSettings = {
				ALWAYS_SEARCH_USER_PATHS = NO;
				CLANG_ENABLE_MODULES = YES;
				CLANG_ENABLE_OBJC_ARC = YES;
				COPY_PHASE_STRIP = NO;
				DEBUG_INFORMATION_FORMAT = "dwarf-with-dsym";
				ENABLE_NS_ASSERTIONS = NO;
				ENABLE_STRICT_OBJC_MSGSEND = YES;
				IPHONEOS_DEPLOYMENT_TARGET = 17.0;
				MTL_ENABLE_DEBUG_INFO = NO;
				SDKROOT = iphoneos;
				SWIFT_COMPILATION_MODE = wholemodule;
				VALIDATE_PRODUCT = YES;
			};
			name = Release;
		};
		BA0000000000000000000003 /* Debug */ = {
			isa = XCBuildConfiguration;
			buildSettings = {
				ASSETCATALOG_COMPILER_APPICON_NAME = AppIcon;
				ASSETCATALOG_COMPILER_GLOBAL_ACCENT_COLOR_NAME = AccentColor;
				CODE_SIGN_STYLE = Automatic;
				CURRENT_PROJECT_VERSION = 1;
				DEVELOPMENT_TEAM = "";
				ENABLE_PREVIEWS = YES;
				GENERATE_INFOPLIST_FILE = YES;
				INFOPLIST_KEY_CFBundleDisplayName = BeanDiary;
				INFOPLIST_KEY_NSCameraUsageDescription = "커피 기록용 사진을 촬영하기 위해 카메라 접근이 필요합니다.";
				INFOPLIST_KEY_NSPhotoLibraryAddUsageDescription = "촬영한 사진을 기록에 저장하기 위해 필요합니다.";
				INFOPLIST_KEY_NSPhotoLibraryUsageDescription = "커피 기록에 사진과 영상을 첨부하기 위해 앨범 접근이 필요합니다.";
				INFOPLIST_KEY_NSLocationWhenInUseUsageDescription = "주변 카페 검색 및 지도 표시를 위해 위치 접근이 필요합니다.";
				INFOPLIST_KEY_NSSupportsLiveActivities = YES;
				INFOPLIST_KEY_UIApplicationSceneManifest_Generation = YES;
				INFOPLIST_KEY_UILaunchScreen_Generation = YES;
				INFOPLIST_KEY_UISupportedInterfaceOrientations_iPhone = UIInterfaceOrientationPortrait;
				LD_RUNPATH_SEARCH_PATHS = (
					"$(inherited)",
					"@executable_path/Frameworks",
				);
				MARKETING_VERSION = 0.1.0;
				PRODUCT_BUNDLE_IDENTIFIER = com.beandiary.app;
				PRODUCT_NAME = "$(TARGET_NAME)";
                SWIFT_EMIT_LOC_STRINGS = YES;
                SWIFT_STRICT_CONCURRENCY = minimal;
                SWIFT_VERSION = 5.0;
				TARGETED_DEVICE_FAMILY = "1,2";
			};
			name = Debug;
		};
		BA0000000000000000000004 /* Release */ = {
			isa = XCBuildConfiguration;
			buildSettings = {
				ASSETCATALOG_COMPILER_APPICON_NAME = AppIcon;
				ASSETCATALOG_COMPILER_GLOBAL_ACCENT_COLOR_NAME = AccentColor;
				CODE_SIGN_STYLE = Automatic;
				CURRENT_PROJECT_VERSION = 1;
				DEVELOPMENT_TEAM = "";
				ENABLE_PREVIEWS = YES;
				GENERATE_INFOPLIST_FILE = YES;
				INFOPLIST_KEY_CFBundleDisplayName = BeanDiary;
				INFOPLIST_KEY_NSCameraUsageDescription = "커피 기록용 사진을 촬영하기 위해 카메라 접근이 필요합니다.";
				INFOPLIST_KEY_NSPhotoLibraryAddUsageDescription = "촬영한 사진을 기록에 저장하기 위해 필요합니다.";
				INFOPLIST_KEY_NSPhotoLibraryUsageDescription = "커피 기록에 사진과 영상을 첨부하기 위해 앨범 접근이 필요합니다.";
				INFOPLIST_KEY_NSLocationWhenInUseUsageDescription = "주변 카페 검색 및 지도 표시를 위해 위치 접근이 필요합니다.";
				INFOPLIST_KEY_NSSupportsLiveActivities = YES;
				INFOPLIST_KEY_UIApplicationSceneManifest_Generation = YES;
				INFOPLIST_KEY_UILaunchScreen_Generation = YES;
				INFOPLIST_KEY_UISupportedInterfaceOrientations_iPhone = UIInterfaceOrientationPortrait;
				LD_RUNPATH_SEARCH_PATHS = (
					"$(inherited)",
					"@executable_path/Frameworks",
				);
				MARKETING_VERSION = 0.1.0;
				PRODUCT_BUNDLE_IDENTIFIER = com.beandiary.app;
				PRODUCT_NAME = "$(TARGET_NAME)";
                SWIFT_EMIT_LOC_STRINGS = YES;
                SWIFT_STRICT_CONCURRENCY = minimal;
                SWIFT_VERSION = 5.0;
				TARGETED_DEVICE_FAMILY = "1,2";
			};
			name = Release;
		};
		BA0000000000000000000005 /* Debug */ = {
			isa = XCBuildConfiguration;
			buildSettings = {
				APPLICATION_EXTENSION_API_ONLY = YES;
				CODE_SIGN_STYLE = Automatic;
				CURRENT_PROJECT_VERSION = 1;
				DEVELOPMENT_TEAM = "";
				GENERATE_INFOPLIST_FILE = YES;
				INFOPLIST_KEY_CFBundleDisplayName = "BeanDiary Widgets";
				INFOPLIST_KEY_NSSupportsLiveActivities = YES;
				IPHONEOS_DEPLOYMENT_TARGET = 17.0;
				LD_RUNPATH_SEARCH_PATHS = (
					"$(inherited)",
					"@executable_path/Frameworks",
					"@executable_path/../../Frameworks",
				);
				MARKETING_VERSION = 0.1.0;
				PRODUCT_BUNDLE_IDENTIFIER = com.beandiary.app.widgets;
				PRODUCT_NAME = "$(TARGET_NAME)";
				SKIP_INSTALL = YES;
				SWIFT_EMIT_LOC_STRINGS = YES;
				SWIFT_STRICT_CONCURRENCY = minimal;
				SWIFT_VERSION = 5.0;
				TARGETED_DEVICE_FAMILY = "1,2";
			};
			name = Debug;
		};
		BA0000000000000000000006 /* Release */ = {
			isa = XCBuildConfiguration;
			buildSettings = {
				APPLICATION_EXTENSION_API_ONLY = YES;
				CODE_SIGN_STYLE = Automatic;
				CURRENT_PROJECT_VERSION = 1;
				DEVELOPMENT_TEAM = "";
				GENERATE_INFOPLIST_FILE = YES;
				INFOPLIST_KEY_CFBundleDisplayName = "BeanDiary Widgets";
				INFOPLIST_KEY_NSSupportsLiveActivities = YES;
				IPHONEOS_DEPLOYMENT_TARGET = 17.0;
				LD_RUNPATH_SEARCH_PATHS = (
					"$(inherited)",
					"@executable_path/Frameworks",
					"@executable_path/../../Frameworks",
				);
				MARKETING_VERSION = 0.1.0;
				PRODUCT_BUNDLE_IDENTIFIER = com.beandiary.app.widgets;
				PRODUCT_NAME = "$(TARGET_NAME)";
				SKIP_INSTALL = YES;
				SWIFT_EMIT_LOC_STRINGS = YES;
				SWIFT_STRICT_CONCURRENCY = minimal;
				SWIFT_VERSION = 5.0;
				TARGETED_DEVICE_FAMILY = "1,2";
			};
			name = Release;
		};
/* End XCBuildConfiguration section */

/* Begin XCConfigurationList section */
		B80000000000000000000001 /* Build configuration list for PBXProject "BeanDiary" */ = {
			isa = XCConfigurationList;
			buildConfigurations = (
				BA0000000000000000000001 /* Debug */,
				BA0000000000000000000002 /* Release */,
			);
			defaultConfigurationIsVisible = 0;
			defaultConfigurationName = Release;
		};
		B80000000000000000000002 /* Build configuration list for PBXNativeTarget "BeanDiary" */ = {
			isa = XCConfigurationList;
			buildConfigurations = (
				BA0000000000000000000003 /* Debug */,
				BA0000000000000000000004 /* Release */,
			);
			defaultConfigurationIsVisible = 0;
			defaultConfigurationName = Release;
		};
		B80000000000000000000003 /* Build configuration list for PBXNativeTarget "BeanDiaryWidgets" */ = {
			isa = XCConfigurationList;
			buildConfigurations = (
				BA0000000000000000000005 /* Debug */,
				BA0000000000000000000006 /* Release */,
			);
			defaultConfigurationIsVisible = 0;
			defaultConfigurationName = Release;
		};
/* End XCConfigurationList section */
	};
	rootObject = B90000000000000000000001 /* Project object */;
}
